
Microsoft Visual Studio Solution File, Format Version 12.00
# Visual Studio Version 16
VisualStudioVersion = 16.0.29709.97
MinimumVisualStudioVersion = 10.0.40219.1
Project("{9A19103F-16F7-4668-BE54-9A1E7A4F7556}") = "SocialNetwork", "SocialNetwork\SocialNetwork.csproj", "{EF96BF2A-6E7C-4E54-86CE-7C25637D4F9E}"
EndProject
Project("{9A19103F-16F7-4668-BE54-9A1E7A4F7556}") = "UnitTests", "UnitTests\UnitTests.csproj", "{8CA64227-8956-49EE-B7D4-D23A6250829A}"
EndProject
Global
	GlobalSection(SolutionConfigurationPlatforms) = preSolution
		Debug|Any CPU = Debug|Any CPU
		Release|Any CPU = Release|Any CPU
	EndGlobalSection
	GlobalSection(ProjectConfigurationPlatforms) = postSolution
		{EF96BF2A-6E7C-4E54-86CE-7C25637D4F9E}.Debug|Any CPU.ActiveCfg = Debug|Any CPU
		{EF96BF2A-6E7C-4E54-86CE-7C25637D4F9E}.Debug|Any CPU.Build.0 = Debug|Any CPU
		{EF96BF2A-6E7C-4E54-86CE-7C25637D4F9E}.Release|Any CPU.ActiveCfg = Release|Any CPU
		{EF96BF2A-6E7C-4E54-86CE-7C25637D4F9E}.Release|Any CPU.Build.0 = Release|Any CPU
		{8CA64227-8956-49EE-B7D4-D23A6250829A}.Debug|Any CPU.ActiveCfg = Debug|Any CPU
		{8CA64227-8956-49EE-B7D4-D23A6250829A}.Debug|Any CPU.Build.0 = Debug|Any CPU
		{8CA64227-8956-49EE-B7D4-D23A6250829A}.Release|Any CPU.ActiveCfg = Release|Any CPU
		{8CA64227-8956-49EE-B7D4-D23A6250829A}.Release|Any CPU.Build.0 = Release|Any CPU
	EndGlobalSection
	GlobalSection(SolutionProperties) = preSolution
		HideSolutionNode = FALSE
	EndGlobalSection
	GlobalSection(ExtensibilityGlobals) = postSolution
		SolutionGuid = {002454D3-8FB3-4587-B55A-82AEFC5C3BD9}
	EndGlobalSection
EndGlobal
